
Microsoft Visual Studio Solution File, Format Version 12.00
# Visual Studio Version 16
VisualStudioVersion = 16.0.31424.327
MinimumVisualStudioVersion = 10.0.40219.1
Project("{FAE04EC0-301F-11D3-BF4B-00C04F79EFBC}") = "Health Services Project", "Health Services Project\Health Services Project.csproj", "{789C3169-0830-451D-86B9-74E05236CCF4}"
EndProject
Global
	GlobalSection(SolutionConfigurationPlatforms) = preSolution
		Debug|Any CPU = Debug|Any CPU
		Release|Any CPU = Release|Any CPU
	EndGlobalSection
	GlobalSection(ProjectConfigurationPlatforms) = postSolution
		{789C3169-0830-451D-86B9-74E05236CCF4}.Debug|Any CPU.ActiveCfg = Debug|Any CPU
		{789C3169-0830-451D-86B9-74E05236CCF4}.Debug|Any CPU.Build.0 = Debug|Any CPU
		{789C3169-0830-451D-86B9-74E05236CCF4}.Release|Any CPU.ActiveCfg = Release|Any CPU
		{789C3169-0830-451D-86B9-74E05236CCF4}.Release|Any CPU.Build.0 = Release|Any CPU
	EndGlobalSection
	GlobalSection(SolutionProperties) = preSolution
		HideSolutionNode = FALSE
	EndGlobalSection
	GlobalSection(ExtensibilityGlobals) = postSolution
		SolutionGuid = {A7DC6053-C090-4BC3-8437-9BE73AA1068A}
	EndGlobalSection
EndGlobal
